
Microsoft Visual Studio Solution File, Format Version 12.00
# Visual Studio Version 16
VisualStudioVersion = 16.0.29806.167
MinimumVisualStudioVersion = 10.0.40219.1
Project("{FAE04EC0-301F-11D3-BF4B-00C04F79EFBC}") = "Taxi.Common", "Taxi.Common\Taxi.Common.csproj", "{C49478B9-C2F5-4BD9-BA4A-E93CFDE23240}"
EndProject
Project("{FAE04EC0-301F-11D3-BF4B-00C04F79EFBC}") = "Taxi.Web", "Taxi.Web\Taxi.Web.csproj", "{5B2441DB-142D-43C4-8662-DE2BBDF7E0B0}"
EndProject
Global
	GlobalSection(SolutionConfigurationPlatforms) = preSolution
		Debug|Any CPU = Debug|Any CPU
		Release|Any CPU = Release|Any CPU
	EndGlobalSection
	GlobalSection(ProjectConfigurationPlatforms) = postSolution
		{C49478B9-C2F5-4BD9-BA4A-E93CFDE23240}.Debug|Any CPU.ActiveCfg = Debug|Any CPU
		{C49478B9-C2F5-4BD9-BA4A-E93CFDE23240}.Debug|Any CPU.Build.0 = Debug|Any CPU
		{C49478B9-C2F5-4BD9-BA4A-E93CFDE23240}.Release|Any CPU.ActiveCfg = Release|Any CPU
		{C49478B9-C2F5-4BD9-BA4A-E93CFDE23240}.Release|Any CPU.Build.0 = Release|Any CPU
		{5B2441DB-142D-43C4-8662-DE2BBDF7E0B0}.Debug|Any CPU.ActiveCfg = Debug|Any CPU
		{5B2441DB-142D-43C4-8662-DE2BBDF7E0B0}.Debug|Any CPU.Build.0 = Debug|Any CPU
		{5B2441DB-142D-43C4-8662-DE2BBDF7E0B0}.Release|Any CPU.ActiveCfg = Release|Any CPU
		{5B2441DB-142D-43C4-8662-DE2BBDF7E0B0}.Release|Any CPU.Build.0 = Release|Any CPU
	EndGlobalSection
	GlobalSection(SolutionProperties) = preSolution
		HideSolutionNode = FALSE
	EndGlobalSection
	GlobalSection(ExtensibilityGlobals) = postSolution
		SolutionGuid = {23DFF216-F35D-4A96-BFBB-F661EF6019E8}
	EndGlobalSection
EndGlobal
