
Microsoft Visual Studio Solution File, Format Version 12.00
# Visual Studio Version 16
VisualStudioVersion = 16.0.29806.167
MinimumVisualStudioVersion = 10.0.40219.1
Project("{FAE04EC0-301F-11D3-BF4B-00C04F79EFBC}") = "Taxi.Common", "Taxi.Common\Taxi.Common.csproj", "{C49478B9-C2F5-4BD9-BA4A-E93CFDE23240}"
EndProject
Project("{FAE04EC0-301F-11D3-BF4B-00C04F79EFBC}") = "Taxi.Web", "Taxi.Web\Taxi.Web.csproj", "{5B2441DB-142D-43C4-8662-DE2BBDF7E0B0}"
EndProject
Project("{FAE04EC0-301F-11D3-BF4B-00C04F79EFBC}") = "Taxi.Prism", "Taxi.Prism\Taxi.Prism\Taxi.Prism.csproj", "{ADD7B61E-3A90-4BF6-A400-4F171A620548}"
EndProject
Project("{FAE04EC0-301F-11D3-BF4B-00C04F79EFBC}") = "Taxi.Prism.Android", "Taxi.Prism\Taxi.Prism.Android\Taxi.Prism.Android.csproj", "{1F7D9F22-CAF7-4E53-8E5B-05CDB561485F}"
EndProject
Project("{FAE04EC0-301F-11D3-BF4B-00C04F79EFBC}") = "Taxi.Prism.iOS", "Taxi.Prism\Taxi.Prism.iOS\Taxi.Prism.iOS.csproj", "{BA498EDF-0658-4F01-9662-5517E29C2B68}"
EndProject
Project("{FAE04EC0-301F-11D3-BF4B-00C04F79EFBC}") = "Taxi.Cross.Android", "Taxi.Cross.Android\Taxi.Cross.Android.csproj", "{8E739B8C-2E9C-4FE1-82D7-C1EC9CCF2728}"
EndProject
Project("{FAE04EC0-301F-11D3-BF4B-00C04F79EFBC}") = "Taxi.Cross.iOS", "Taxi.Cross.iOS\Taxi.Cross.iOS.csproj", "{84B68EEE-BAD1-4293-935F-DA61D0F0EC73}"
EndProject
Global
	GlobalSection(SolutionConfigurationPlatforms) = preSolution
		Ad-Hoc|Any CPU = Ad-Hoc|Any CPU
		Ad-Hoc|iPhone = Ad-Hoc|iPhone
		Ad-Hoc|iPhoneSimulator = Ad-Hoc|iPhoneSimulator
		AppStore|Any CPU = AppStore|Any CPU
		AppStore|iPhone = AppStore|iPhone
		AppStore|iPhoneSimulator = AppStore|iPhoneSimulator
		Debug|Any CPU = Debug|Any CPU
		Debug|iPhone = Debug|iPhone
		Debug|iPhoneSimulator = Debug|iPhoneSimulator
		Release|Any CPU = Release|Any CPU
		Release|iPhone = Release|iPhone
		Release|iPhoneSimulator = Release|iPhoneSimulator
	EndGlobalSection
	GlobalSection(ProjectConfigurationPlatforms) = postSolution
		{C49478B9-C2F5-4BD9-BA4A-E93CFDE23240}.Ad-Hoc|Any CPU.ActiveCfg = Debug|Any CPU
		{C49478B9-C2F5-4BD9-BA4A-E93CFDE23240}.Ad-Hoc|Any CPU.Build.0 = Debug|Any CPU
		{C49478B9-C2F5-4BD9-BA4A-E93CFDE23240}.Ad-Hoc|iPhone.ActiveCfg = Debug|Any CPU
		{C49478B9-C2F5-4BD9-BA4A-E93CFDE23240}.Ad-Hoc|iPhone.Build.0 = Debug|Any CPU
		{C49478B9-C2F5-4BD9-BA4A-E93CFDE23240}.Ad-Hoc|iPhoneSimulator.ActiveCfg = Debug|Any CPU
		{C49478B9-C2F5-4BD9-BA4A-E93CFDE23240}.Ad-Hoc|iPhoneSimulator.Build.0 = Debug|Any CPU
		{C49478B9-C2F5-4BD9-BA4A-E93CFDE23240}.AppStore|Any CPU.ActiveCfg = Debug|Any CPU
		{C49478B9-C2F5-4BD9-BA4A-E93CFDE23240}.AppStore|Any CPU.Build.0 = Debug|Any CPU
		{C49478B9-C2F5-4BD9-BA4A-E93CFDE23240}.AppStore|iPhone.ActiveCfg = Debug|Any CPU
		{C49478B9-C2F5-4BD9-BA4A-E93CFDE23240}.AppStore|iPhone.Build.0 = Debug|Any CPU
		{C49478B9-C2F5-4BD9-BA4A-E93CFDE23240}.AppStore|iPhoneSimulator.ActiveCfg = Debug|Any CPU
		{C49478B9-C2F5-4BD9-BA4A-E93CFDE23240}.AppStore|iPhoneSimulator.Build.0 = Debug|Any CPU
		{C49478B9-C2F5-4BD9-BA4A-E93CFDE23240}.Debug|Any CPU.ActiveCfg = Debug|Any CPU
		{C49478B9-C2F5-4BD9-BA4A-E93CFDE23240}.Debug|Any CPU.Build.0 = Debug|Any CPU
		{C49478B9-C2F5-4BD9-BA4A-E93CFDE23240}.Debug|iPhone.ActiveCfg = Debug|Any CPU
		{C49478B9-C2F5-4BD9-BA4A-E93CFDE23240}.Debug|iPhone.Build.0 = Debug|Any CPU
		{C49478B9-C2F5-4BD9-BA4A-E93CFDE23240}.Debug|iPhoneSimulator.ActiveCfg = Debug|Any CPU
		{C49478B9-C2F5-4BD9-BA4A-E93CFDE23240}.Debug|iPhoneSimulator.Build.0 = Debug|Any CPU
		{C49478B9-C2F5-4BD9-BA4A-E93CFDE23240}.Release|Any CPU.ActiveCfg = Release|Any CPU
		{C49478B9-C2F5-4BD9-BA4A-E93CFDE23240}.Release|Any CPU.Build.0 = Release|Any CPU
		{C49478B9-C2F5-4BD9-BA4A-E93CFDE23240}.Release|iPhone.ActiveCfg = Release|Any CPU
		{C49478B9-C2F5-4BD9-BA4A-E93CFDE23240}.Release|iPhone.Build.0 = Release|Any CPU
		{C49478B9-C2F5-4BD9-BA4A-E93CFDE23240}.Release|iPhoneSimulator.ActiveCfg = Release|Any CPU
		{C49478B9-C2F5-4BD9-BA4A-E93CFDE23240}.Release|iPhoneSimulator.Build.0 = Release|Any CPU
		{5B2441DB-142D-43C4-8662-DE2BBDF7E0B0}.Ad-Hoc|Any CPU.ActiveCfg = Debug|Any CPU
		{5B2441DB-142D-43C4-8662-DE2BBDF7E0B0}.Ad-Hoc|Any CPU.Build.0 = Debug|Any CPU
		{5B2441DB-142D-43C4-8662-DE2BBDF7E0B0}.Ad-Hoc|iPhone.ActiveCfg = Debug|Any CPU
		{5B2441DB-142D-43C4-8662-DE2BBDF7E0B0}.Ad-Hoc|iPhone.Build.0 = Debug|Any CPU
		{5B2441DB-142D-43C4-8662-DE2BBDF7E0B0}.Ad-Hoc|iPhoneSimulator.ActiveCfg = Debug|Any CPU
		{5B2441DB-142D-43C4-8662-DE2BBDF7E0B0}.Ad-Hoc|iPhoneSimulator.Build.0 = Debug|Any CPU
		{5B2441DB-142D-43C4-8662-DE2BBDF7E0B0}.AppStore|Any CPU.ActiveCfg = Debug|Any CPU
		{5B2441DB-142D-43C4-8662-DE2BBDF7E0B0}.AppStore|Any CPU.Build.0 = Debug|Any CPU
		{5B2441DB-142D-43C4-8662-DE2BBDF7E0B0}.AppStore|iPhone.ActiveCfg = Debug|Any CPU
		{5B2441DB-142D-43C4-8662-DE2BBDF7E0B0}.AppStore|iPhone.Build.0 = Debug|Any CPU
		{5B2441DB-142D-43C4-8662-DE2BBDF7E0B0}.AppStore|iPhoneSimulator.ActiveCfg = Debug|Any CPU
		{5B2441DB-142D-43C4-8662-DE2BBDF7E0B0}.AppStore|iPhoneSimulator.Build.0 = Debug|Any CPU
		{5B2441DB-142D-43C4-8662-DE2BBDF7E0B0}.Debug|Any CPU.ActiveCfg = Debug|Any CPU
		{5B2441DB-142D-43C4-8662-DE2BBDF7E0B0}.Debug|Any CPU.Build.0 = Debug|Any CPU
		{5B2441DB-142D-43C4-8662-DE2BBDF7E0B0}.Debug|iPhone.ActiveCfg = Debug|Any CPU
		{5B2441DB-142D-43C4-8662-DE2BBDF7E0B0}.Debug|iPhone.Build.0 = Debug|Any CPU
		{5B2441DB-142D-43C4-8662-DE2BBDF7E0B0}.Debug|iPhoneSimulator.ActiveCfg = Debug|Any CPU
		{5B2441DB-142D-43C4-8662-DE2BBDF7E0B0}.Debug|iPhoneSimulator.Build.0 = Debug|Any CPU
		{5B2441DB-142D-43C4-8662-DE2BBDF7E0B0}.Release|Any CPU.ActiveCfg = Release|Any CPU
		{5B2441DB-142D-43C4-8662-DE2BBDF7E0B0}.Release|Any CPU.Build.0 = Release|Any CPU
		{5B2441DB-142D-43C4-8662-DE2BBDF7E0B0}.Release|iPhone.ActiveCfg = Release|Any CPU
		{5B2441DB-142D-43C4-8662-DE2BBDF7E0B0}.Release|iPhone.Build.0 = Release|Any CPU
		{5B2441DB-142D-43C4-8662-DE2BBDF7E0B0}.Release|iPhoneSimulator.ActiveCfg = Release|Any CPU
		{5B2441DB-142D-43C4-8662-DE2BBDF7E0B0}.Release|iPhoneSimulator.Build.0 = Release|Any CPU
		{ADD7B61E-3A90-4BF6-A400-4F171A620548}.Ad-Hoc|Any CPU.ActiveCfg = Debug|Any CPU
		{ADD7B61E-3A90-4BF6-A400-4F171A620548}.Ad-Hoc|Any CPU.Build.0 = Debug|Any CPU
		{ADD7B61E-3A90-4BF6-A400-4F171A620548}.Ad-Hoc|iPhone.ActiveCfg = Debug|Any CPU
		{ADD7B61E-3A90-4BF6-A400-4F171A620548}.Ad-Hoc|iPhone.Build.0 = Debug|Any CPU
		{ADD7B61E-3A90-4BF6-A400-4F171A620548}.Ad-Hoc|iPhoneSimulator.ActiveCfg = Debug|Any CPU
		{ADD7B61E-3A90-4BF6-A400-4F171A620548}.Ad-Hoc|iPhoneSimulator.Build.0 = Debug|Any CPU
		{ADD7B61E-3A90-4BF6-A400-4F171A620548}.AppStore|Any CPU.ActiveCfg = Debug|Any CPU
		{ADD7B61E-3A90-4BF6-A400-4F171A620548}.AppStore|Any CPU.Build.0 = Debug|Any CPU
		{ADD7B61E-3A90-4BF6-A400-4F171A620548}.AppStore|iPhone.ActiveCfg = Debug|Any CPU
		{ADD7B61E-3A90-4BF6-A400-4F171A620548}.AppStore|iPhone.Build.0 = Debug|Any CPU
		{ADD7B61E-3A90-4BF6-A400-4F171A620548}.AppStore|iPhoneSimulator.ActiveCfg = Debug|Any CPU
		{ADD7B61E-3A90-4BF6-A400-4F171A620548}.AppStore|iPhoneSimulator.Build.0 = Debug|Any CPU
		{ADD7B61E-3A90-4BF6-A400-4F171A620548}.Debug|Any CPU.ActiveCfg = Debug|Any CPU
		{ADD7B61E-3A90-4BF6-A400-4F171A620548}.Debug|Any CPU.Build.0 = Debug|Any CPU
		{ADD7B61E-3A90-4BF6-A400-4F171A620548}.Debug|iPhone.ActiveCfg = Debug|Any CPU
		{ADD7B61E-3A90-4BF6-A400-4F171A620548}.Debug|iPhone.Build.0 = Debug|Any CPU
		{ADD7B61E-3A90-4BF6-A400-4F171A620548}.Debug|iPhoneSimulator.ActiveCfg = Debug|Any CPU
		{ADD7B61E-3A90-4BF6-A400-4F171A620548}.Debug|iPhoneSimulator.Build.0 = Debug|Any CPU
		{ADD7B61E-3A90-4BF6-A400-4F171A620548}.Release|Any CPU.ActiveCfg = Release|Any CPU
		{ADD7B61E-3A90-4BF6-A400-4F171A620548}.Release|Any CPU.Build.0 = Release|Any CPU
		{ADD7B61E-3A90-4BF6-A400-4F171A620548}.Release|iPhone.ActiveCfg = Release|Any CPU
		{ADD7B61E-3A90-4BF6-A400-4F171A620548}.Release|iPhone.Build.0 = Release|Any CPU
		{ADD7B61E-3A90-4BF6-A400-4F171A620548}.Release|iPhoneSimulator.ActiveCfg = Release|Any CPU
		{ADD7B61E-3A90-4BF6-A400-4F171A620548}.Release|iPhoneSimulator.Build.0 = Release|Any CPU
		{1F7D9F22-CAF7-4E53-8E5B-05CDB561485F}.Ad-Hoc|Any CPU.ActiveCfg = Release|Any CPU
		{1F7D9F22-CAF7-4E53-8E5B-05CDB561485F}.Ad-Hoc|Any CPU.Build.0 = Release|Any CPU
		{1F7D9F22-CAF7-4E53-8E5B-05CDB561485F}.Ad-Hoc|Any CPU.Deploy.0 = Release|Any CPU
		{1F7D9F22-CAF7-4E53-8E5B-05CDB561485F}.Ad-Hoc|iPhone.ActiveCfg = Release|Any CPU
		{1F7D9F22-CAF7-4E53-8E5B-05CDB561485F}.Ad-Hoc|iPhone.Build.0 = Release|Any CPU
		{1F7D9F22-CAF7-4E53-8E5B-05CDB561485F}.Ad-Hoc|iPhone.Deploy.0 = Release|Any CPU
		{1F7D9F22-CAF7-4E53-8E5B-05CDB561485F}.Ad-Hoc|iPhoneSimulator.ActiveCfg = Release|Any CPU
		{1F7D9F22-CAF7-4E53-8E5B-05CDB561485F}.Ad-Hoc|iPhoneSimulator.Build.0 = Release|Any CPU
		{1F7D9F22-CAF7-4E53-8E5B-05CDB561485F}.Ad-Hoc|iPhoneSimulator.Deploy.0 = Release|Any CPU
		{1F7D9F22-CAF7-4E53-8E5B-05CDB561485F}.AppStore|Any CPU.ActiveCfg = Release|Any CPU
		{1F7D9F22-CAF7-4E53-8E5B-05CDB561485F}.AppStore|Any CPU.Build.0 = Release|Any CPU
		{1F7D9F22-CAF7-4E53-8E5B-05CDB561485F}.AppStore|Any CPU.Deploy.0 = Release|Any CPU
		{1F7D9F22-CAF7-4E53-8E5B-05CDB561485F}.AppStore|iPhone.ActiveCfg = Release|Any CPU
		{1F7D9F22-CAF7-4E53-8E5B-05CDB561485F}.AppStore|iPhone.Build.0 = Release|Any CPU
		{1F7D9F22-CAF7-4E53-8E5B-05CDB561485F}.AppStore|iPhone.Deploy.0 = Release|Any CPU
		{1F7D9F22-CAF7-4E53-8E5B-05CDB561485F}.AppStore|iPhoneSimulator.ActiveCfg = Release|Any CPU
		{1F7D9F22-CAF7-4E53-8E5B-05CDB561485F}.AppStore|iPhoneSimulator.Build.0 = Release|Any CPU
		{1F7D9F22-CAF7-4E53-8E5B-05CDB561485F}.AppStore|iPhoneSimulator.Deploy.0 = Release|Any CPU
		{1F7D9F22-CAF7-4E53-8E5B-05CDB561485F}.Debug|Any CPU.ActiveCfg = Debug|Any CPU
		{1F7D9F22-CAF7-4E53-8E5B-05CDB561485F}.Debug|Any CPU.Build.0 = Debug|Any CPU
		{1F7D9F22-CAF7-4E53-8E5B-05CDB561485F}.Debug|Any CPU.Deploy.0 = Debug|Any CPU
		{1F7D9F22-CAF7-4E53-8E5B-05CDB561485F}.Debug|iPhone.ActiveCfg = Debug|Any CPU
		{1F7D9F22-CAF7-4E53-8E5B-05CDB561485F}.Debug|iPhone.Build.0 = Debug|Any CPU
		{1F7D9F22-CAF7-4E53-8E5B-05CDB561485F}.Debug|iPhone.Deploy.0 = Debug|Any CPU
		{1F7D9F22-CAF7-4E53-8E5B-05CDB561485F}.Debug|iPhoneSimulator.ActiveCfg = Debug|Any CPU
		{1F7D9F22-CAF7-4E53-8E5B-05CDB561485F}.Debug|iPhoneSimulator.Build.0 = Debug|Any CPU
		{1F7D9F22-CAF7-4E53-8E5B-05CDB561485F}.Debug|iPhoneSimulator.Deploy.0 = Debug|Any CPU
		{1F7D9F22-CAF7-4E53-8E5B-05CDB561485F}.Release|Any CPU.ActiveCfg = Release|Any CPU
		{1F7D9F22-CAF7-4E53-8E5B-05CDB561485F}.Release|Any CPU.Build.0 = Release|Any CPU
		{1F7D9F22-CAF7-4E53-8E5B-05CDB561485F}.Release|Any CPU.Deploy.0 = Release|Any CPU
		{1F7D9F22-CAF7-4E53-8E5B-05CDB561485F}.Release|iPhone.ActiveCfg = Release|Any CPU
		{1F7D9F22-CAF7-4E53-8E5B-05CDB561485F}.Release|iPhone.Build.0 = Release|Any CPU
		{1F7D9F22-CAF7-4E53-8E5B-05CDB561485F}.Release|iPhone.Deploy.0 = Release|Any CPU
		{1F7D9F22-CAF7-4E53-8E5B-05CDB561485F}.Release|iPhoneSimulator.ActiveCfg = Release|Any CPU
		{1F7D9F22-CAF7-4E53-8E5B-05CDB561485F}.Release|iPhoneSimulator.Build.0 = Release|Any CPU
		{1F7D9F22-CAF7-4E53-8E5B-05CDB561485F}.Release|iPhoneSimulator.Deploy.0 = Release|Any CPU
		{BA498EDF-0658-4F01-9662-5517E29C2B68}.Ad-Hoc|Any CPU.ActiveCfg = Ad-Hoc|iPhone
		{BA498EDF-0658-4F01-9662-5517E29C2B68}.Ad-Hoc|iPhone.ActiveCfg = Ad-Hoc|iPhone
		{BA498EDF-0658-4F01-9662-5517E29C2B68}.Ad-Hoc|iPhone.Build.0 = Ad-Hoc|iPhone
		{BA498EDF-0658-4F01-9662-5517E29C2B68}.Ad-Hoc|iPhoneSimulator.ActiveCfg = Ad-Hoc|iPhoneSimulator
		{BA498EDF-0658-4F01-9662-5517E29C2B68}.Ad-Hoc|iPhoneSimulator.Build.0 = Ad-Hoc|iPhoneSimulator
		{BA498EDF-0658-4F01-9662-5517E29C2B68}.AppStore|Any CPU.ActiveCfg = AppStore|iPhone
		{BA498EDF-0658-4F01-9662-5517E29C2B68}.AppStore|iPhone.ActiveCfg = AppStore|iPhone
		{BA498EDF-0658-4F01-9662-5517E29C2B68}.AppStore|iPhone.Build.0 = AppStore|iPhone
		{BA498EDF-0658-4F01-9662-5517E29C2B68}.AppStore|iPhoneSimulator.ActiveCfg = AppStore|iPhoneSimulator
		{BA498EDF-0658-4F01-9662-5517E29C2B68}.AppStore|iPhoneSimulator.Build.0 = AppStore|iPhoneSimulator
		{BA498EDF-0658-4F01-9662-5517E29C2B68}.Debug|Any CPU.ActiveCfg = Debug|iPhone
		{BA498EDF-0658-4F01-9662-5517E29C2B68}.Debug|iPhone.ActiveCfg = Debug|iPhone
		{BA498EDF-0658-4F01-9662-5517E29C2B68}.Debug|iPhone.Build.0 = Debug|iPhone
		{BA498EDF-0658-4F01-9662-5517E29C2B68}.Debug|iPhoneSimulator.ActiveCfg = Debug|iPhoneSimulator
		{BA498EDF-0658-4F01-9662-5517E29C2B68}.Debug|iPhoneSimulator.Build.0 = Debug|iPhoneSimulator
		{BA498EDF-0658-4F01-9662-5517E29C2B68}.Release|Any CPU.ActiveCfg = Release|iPhone
		{BA498EDF-0658-4F01-9662-5517E29C2B68}.Release|iPhone.ActiveCfg = Release|iPhone
		{BA498EDF-0658-4F01-9662-5517E29C2B68}.Release|iPhone.Build.0 = Release|iPhone
		{BA498EDF-0658-4F01-9662-5517E29C2B68}.Release|iPhoneSimulator.ActiveCfg = Release|iPhoneSimulator
		{BA498EDF-0658-4F01-9662-5517E29C2B68}.Release|iPhoneSimulator.Build.0 = Release|iPhoneSimulator
		{8E739B8C-2E9C-4FE1-82D7-C1EC9CCF2728}.Ad-Hoc|Any CPU.ActiveCfg = Release|Any CPU
		{8E739B8C-2E9C-4FE1-82D7-C1EC9CCF2728}.Ad-Hoc|Any CPU.Build.0 = Release|Any CPU
		{8E739B8C-2E9C-4FE1-82D7-C1EC9CCF2728}.Ad-Hoc|Any CPU.Deploy.0 = Release|Any CPU
		{8E739B8C-2E9C-4FE1-82D7-C1EC9CCF2728}.Ad-Hoc|iPhone.ActiveCfg = Release|Any CPU
		{8E739B8C-2E9C-4FE1-82D7-C1EC9CCF2728}.Ad-Hoc|iPhone.Build.0 = Release|Any CPU
		{8E739B8C-2E9C-4FE1-82D7-C1EC9CCF2728}.Ad-Hoc|iPhone.Deploy.0 = Release|Any CPU
		{8E739B8C-2E9C-4FE1-82D7-C1EC9CCF2728}.Ad-Hoc|iPhoneSimulator.ActiveCfg = Release|Any CPU
		{8E739B8C-2E9C-4FE1-82D7-C1EC9CCF2728}.Ad-Hoc|iPhoneSimulator.Build.0 = Release|Any CPU
		{8E739B8C-2E9C-4FE1-82D7-C1EC9CCF2728}.Ad-Hoc|iPhoneSimulator.Deploy.0 = Release|Any CPU
		{8E739B8C-2E9C-4FE1-82D7-C1EC9CCF2728}.AppStore|Any CPU.ActiveCfg = Release|Any CPU
		{8E739B8C-2E9C-4FE1-82D7-C1EC9CCF2728}.AppStore|Any CPU.Build.0 = Release|Any CPU
		{8E739B8C-2E9C-4FE1-82D7-C1EC9CCF2728}.AppStore|Any CPU.Deploy.0 = Release|Any CPU
		{8E739B8C-2E9C-4FE1-82D7-C1EC9CCF2728}.AppStore|iPhone.ActiveCfg = Release|Any CPU
		{8E739B8C-2E9C-4FE1-82D7-C1EC9CCF2728}.AppStore|iPhone.Build.0 = Release|Any CPU
		{8E739B8C-2E9C-4FE1-82D7-C1EC9CCF2728}.AppStore|iPhone.Deploy.0 = Release|Any CPU
		{8E739B8C-2E9C-4FE1-82D7-C1EC9CCF2728}.AppStore|iPhoneSimulator.ActiveCfg = Release|Any CPU
		{8E739B8C-2E9C-4FE1-82D7-C1EC9CCF2728}.AppStore|iPhoneSimulator.Build.0 = Release|Any CPU
		{8E739B8C-2E9C-4FE1-82D7-C1EC9CCF2728}.AppStore|iPhoneSimulator.Deploy.0 = Release|Any CPU
		{8E739B8C-2E9C-4FE1-82D7-C1EC9CCF2728}.Debug|Any CPU.ActiveCfg = Debug|Any CPU
		{8E739B8C-2E9C-4FE1-82D7-C1EC9CCF2728}.Debug|Any CPU.Build.0 = Debug|Any CPU
		{8E739B8C-2E9C-4FE1-82D7-C1EC9CCF2728}.Debug|Any CPU.Deploy.0 = Debug|Any CPU
		{8E739B8C-2E9C-4FE1-82D7-C1EC9CCF2728}.Debug|iPhone.ActiveCfg = Debug|Any CPU
		{8E739B8C-2E9C-4FE1-82D7-C1EC9CCF2728}.Debug|iPhone.Build.0 = Debug|Any CPU
		{8E739B8C-2E9C-4FE1-82D7-C1EC9CCF2728}.Debug|iPhone.Deploy.0 = Debug|Any CPU
		{8E739B8C-2E9C-4FE1-82D7-C1EC9CCF2728}.Debug|iPhoneSimulator.ActiveCfg = Debug|Any CPU
		{8E739B8C-2E9C-4FE1-82D7-C1EC9CCF2728}.Debug|iPhoneSimulator.Build.0 = Debug|Any CPU
		{8E739B8C-2E9C-4FE1-82D7-C1EC9CCF2728}.Debug|iPhoneSimulator.Deploy.0 = Debug|Any CPU
		{8E739B8C-2E9C-4FE1-82D7-C1EC9CCF2728}.Release|Any CPU.ActiveCfg = Release|Any CPU
		{8E739B8C-2E9C-4FE1-82D7-C1EC9CCF2728}.Release|Any CPU.Build.0 = Release|Any CPU
		{8E739B8C-2E9C-4FE1-82D7-C1EC9CCF2728}.Release|Any CPU.Deploy.0 = Release|Any CPU
		{8E739B8C-2E9C-4FE1-82D7-C1EC9CCF2728}.Release|iPhone.ActiveCfg = Release|Any CPU
		{8E739B8C-2E9C-4FE1-82D7-C1EC9CCF2728}.Release|iPhone.Build.0 = Release|Any CPU
		{8E739B8C-2E9C-4FE1-82D7-C1EC9CCF2728}.Release|iPhone.Deploy.0 = Release|Any CPU
		{8E739B8C-2E9C-4FE1-82D7-C1EC9CCF2728}.Release|iPhoneSimulator.ActiveCfg = Release|Any CPU
		{8E739B8C-2E9C-4FE1-82D7-C1EC9CCF2728}.Release|iPhoneSimulator.Build.0 = Release|Any CPU
		{8E739B8C-2E9C-4FE1-82D7-C1EC9CCF2728}.Release|iPhoneSimulator.Deploy.0 = Release|Any CPU
		{84B68EEE-BAD1-4293-935F-DA61D0F0EC73}.Ad-Hoc|Any CPU.ActiveCfg = Release|iPhone
		{84B68EEE-BAD1-4293-935F-DA61D0F0EC73}.Ad-Hoc|Any CPU.Build.0 = Release|iPhone
		{84B68EEE-BAD1-4293-935F-DA61D0F0EC73}.Ad-Hoc|iPhone.ActiveCfg = Release|iPhone
		{84B68EEE-BAD1-4293-935F-DA61D0F0EC73}.Ad-Hoc|iPhone.Build.0 = Release|iPhone
		{84B68EEE-BAD1-4293-935F-DA61D0F0EC73}.Ad-Hoc|iPhoneSimulator.ActiveCfg = Release|iPhoneSimulator
		{84B68EEE-BAD1-4293-935F-DA61D0F0EC73}.Ad-Hoc|iPhoneSimulator.Build.0 = Release|iPhoneSimulator
		{84B68EEE-BAD1-4293-935F-DA61D0F0EC73}.AppStore|Any CPU.ActiveCfg = Release|iPhone
		{84B68EEE-BAD1-4293-935F-DA61D0F0EC73}.AppStore|Any CPU.Build.0 = Release|iPhone
		{84B68EEE-BAD1-4293-935F-DA61D0F0EC73}.AppStore|iPhone.ActiveCfg = Release|iPhone
		{84B68EEE-BAD1-4293-935F-DA61D0F0EC73}.AppStore|iPhone.Build.0 = Release|iPhone
		{84B68EEE-BAD1-4293-935F-DA61D0F0EC73}.AppStore|iPhoneSimulator.ActiveCfg = Release|iPhoneSimulator
		{84B68EEE-BAD1-4293-935F-DA61D0F0EC73}.AppStore|iPhoneSimulator.Build.0 = Release|iPhoneSimulator
		{84B68EEE-BAD1-4293-935F-DA61D0F0EC73}.Debug|Any CPU.ActiveCfg = Debug|iPhone
		{84B68EEE-BAD1-4293-935F-DA61D0F0EC73}.Debug|iPhone.ActiveCfg = Debug|iPhone
		{84B68EEE-BAD1-4293-935F-DA61D0F0EC73}.Debug|iPhone.Build.0 = Debug|iPhone
		{84B68EEE-BAD1-4293-935F-DA61D0F0EC73}.Debug|iPhoneSimulator.ActiveCfg = Debug|iPhoneSimulator
		{84B68EEE-BAD1-4293-935F-DA61D0F0EC73}.Debug|iPhoneSimulator.Build.0 = Debug|iPhoneSimulator
		{84B68EEE-BAD1-4293-935F-DA61D0F0EC73}.Release|Any CPU.ActiveCfg = Release|iPhone
		{84B68EEE-BAD1-4293-935F-DA61D0F0EC73}.Release|iPhone.ActiveCfg = Release|iPhone
		{84B68EEE-BAD1-4293-935F-DA61D0F0EC73}.Release|iPhone.Build.0 = Release|iPhone
		{84B68EEE-BAD1-4293-935F-DA61D0F0EC73}.Release|iPhoneSimulator.ActiveCfg = Release|iPhoneSimulator
		{84B68EEE-BAD1-4293-935F-DA61D0F0EC73}.Release|iPhoneSimulator.Build.0 = Release|iPhoneSimulator
	EndGlobalSection
	GlobalSection(SolutionProperties) = preSolution
		HideSolutionNode = FALSE
	EndGlobalSection
	GlobalSection(ExtensibilityGlobals) = postSolution
		SolutionGuid = {23DFF216-F35D-4A96-BFBB-F661EF6019E8}
	EndGlobalSection
EndGlobal
